Microsoft Visual Studio Solution File, Format Version 11.00
# Visual Studio 2008

Project("{A919DE1B-3C87-1FF0-E420-01FD15995752}") = "rhythmbird 3", "Assembly-CSharp.csproj", "{EE32CCD0-7FDE-4B72-76EA-349E5E5A435F}"
EndProject
Global
	GlobalSection(SolutionConfigurationPlatforms) = preSolution
		Debug|Any CPU = Debug|Any CPU
		Release|Any CPU = Release|Any CPU
	EndGlobalSection
	GlobalSection(ProjectConfigurationPlatforms) = postSolution
		{EE32CCD0-7FDE-4B72-76EA-349E5E5A435F}.Debug|Any CPU.ActiveCfg = Debug|Any CPU
		{EE32CCD0-7FDE-4B72-76EA-349E5E5A435F}.Debug|Any CPU.Build.0 = Debug|Any CPU
		{EE32CCD0-7FDE-4B72-76EA-349E5E5A435F}.Release|Any CPU.ActiveCfg = Release|Any CPU
		{EE32CCD0-7FDE-4B72-76EA-349E5E5A435F}.Release|Any CPU.Build.0 = Release|Any CPU
	EndGlobalSection
	GlobalSection(SolutionProperties) = preSolution
		HideSolutionNode = FALSE
	EndGlobalSection
	GlobalSection(MonoDevelopProperties) = preSolution
		StartupItem = Assembly-CSharp.csproj
	EndGlobalSection
EndGlobal
