Microsoft Visual Studio Solution File, Format Version 11.00
# Visual Studio 2008

Project("{A9165305-8BB4-11B3-0F8E-C893020B388D}") = "rhythmbird", "Assembly-CSharp.csproj", "{99C2D5E5-E77E-80F2-8CBD-27C1DDD5CF8E}"
EndProject
Global
	GlobalSection(SolutionConfigurationPlatforms) = preSolution
		Debug|Any CPU = Debug|Any CPU
		Release|Any CPU = Release|Any CPU
	EndGlobalSection
	GlobalSection(ProjectConfigurationPlatforms) = postSolution
		{99C2D5E5-E77E-80F2-8CBD-27C1DDD5CF8E}.Debug|Any CPU.ActiveCfg = Debug|Any CPU
		{99C2D5E5-E77E-80F2-8CBD-27C1DDD5CF8E}.Debug|Any CPU.Build.0 = Debug|Any CPU
		{99C2D5E5-E77E-80F2-8CBD-27C1DDD5CF8E}.Release|Any CPU.ActiveCfg = Release|Any CPU
		{99C2D5E5-E77E-80F2-8CBD-27C1DDD5CF8E}.Release|Any CPU.Build.0 = Release|Any CPU
	EndGlobalSection
	GlobalSection(SolutionProperties) = preSolution
		HideSolutionNode = FALSE
	EndGlobalSection
	GlobalSection(MonoDevelopProperties) = preSolution
		StartupItem = Assembly-CSharp.csproj
	EndGlobalSection
EndGlobal
